
Microsoft Visual Studio Solution File, Format Version 12.00
# Visual Studio 15
VisualStudioVersion = 15.0.28307.329
MinimumVisualStudioVersion = 10.0.40219.1
Project("{FAE04EC0-301F-11D3-BF4B-00C04F79EFBC}") = "ConsoleApp15", "ConsoleApp15.csproj", "{F0ABB1D2-A636-4FFD-B45F-93E9B863A77F}"
EndProject
Global
	GlobalSection(SolutionConfigurationPlatforms) = preSolution
		Debug|Any CPU = Debug|Any CPU
		Release|Any CPU = Release|Any CPU
	EndGlobalSection
	GlobalSection(ProjectConfigurationPlatforms) = postSolution
		{F0ABB1D2-A636-4FFD-B45F-93E9B863A77F}.Debug|Any CPU.ActiveCfg = Debug|Any CPU
		{F0ABB1D2-A636-4FFD-B45F-93E9B863A77F}.Debug|Any CPU.Build.0 = Debug|Any CPU
		{F0ABB1D2-A636-4FFD-B45F-93E9B863A77F}.Release|Any CPU.ActiveCfg = Release|Any CPU
		{F0ABB1D2-A636-4FFD-B45F-93E9B863A77F}.Release|Any CPU.Build.0 = Release|Any CPU
	EndGlobalSection
	GlobalSection(SolutionProperties) = preSolution
		HideSolutionNode = FALSE
	EndGlobalSection
	GlobalSection(ExtensibilityGlobals) = postSolution
		SolutionGuid = {B819561A-AFB5-418A-B4CC-74F66B357F26}
	EndGlobalSection
EndGlobal
